
Microsoft Visual Studio Solution File, Format Version 12.00
# Visual Studio 2013
VisualStudioVersion = 12.0.40629.0
MinimumVisualStudioVersion = 10.0.40219.1
Project("{FAE04EC0-301F-11D3-BF4B-00C04F79EFBC}") = "ModelLayer", "ModelLayer\ModelLayer.csproj", "{2023EF3D-287C-4624-A165-61FAC0613EDE}"
EndProject
Project("{FAE04EC0-301F-11D3-BF4B-00C04F79EFBC}") = "ControlLayer", "ControlLayer\ControlLayer.csproj", "{B56B62BE-3E17-471B-8F15-1BFA4CEEA84F}"
EndProject
Project("{FAE04EC0-301F-11D3-BF4B-00C04F79EFBC}") = "ControlLayerTest", "ControlLayerTest\ControlLayerTest.csproj", "{5C11826C-A100-4178-996C-E10F17D8482D}"
EndProject
Project("{FAE04EC0-301F-11D3-BF4B-00C04F79EFBC}") = "DBLayer", "DBLayer\DBLayer.csproj", "{A0E03353-839D-45F6-9C83-8ED042384818}"
EndProject
Project("{FAE04EC0-301F-11D3-BF4B-00C04F79EFBC}") = "WcfServiceLib", "WcfServiceLib\WcfServiceLib.csproj", "{A76662B6-31D0-412E-A217-93B0ECDA8B4E}"
EndProject
Global
	GlobalSection(SolutionConfigurationPlatforms) = preSolution
		Debug|Any CPU = Debug|Any CPU
		Release|Any CPU = Release|Any CPU
	EndGlobalSection
	GlobalSection(ProjectConfigurationPlatforms) = postSolution
		{2023EF3D-287C-4624-A165-61FAC0613EDE}.Debug|Any CPU.ActiveCfg = Debug|Any CPU
		{2023EF3D-287C-4624-A165-61FAC0613EDE}.Debug|Any CPU.Build.0 = Debug|Any CPU
		{2023EF3D-287C-4624-A165-61FAC0613EDE}.Release|Any CPU.ActiveCfg = Release|Any CPU
		{2023EF3D-287C-4624-A165-61FAC0613EDE}.Release|Any CPU.Build.0 = Release|Any CPU
		{B56B62BE-3E17-471B-8F15-1BFA4CEEA84F}.Debug|Any CPU.ActiveCfg = Debug|Any CPU
		{B56B62BE-3E17-471B-8F15-1BFA4CEEA84F}.Debug|Any CPU.Build.0 = Debug|Any CPU
		{B56B62BE-3E17-471B-8F15-1BFA4CEEA84F}.Release|Any CPU.ActiveCfg = Release|Any CPU
		{B56B62BE-3E17-471B-8F15-1BFA4CEEA84F}.Release|Any CPU.Build.0 = Release|Any CPU
		{5C11826C-A100-4178-996C-E10F17D8482D}.Debug|Any CPU.ActiveCfg = Debug|Any CPU
		{5C11826C-A100-4178-996C-E10F17D8482D}.Debug|Any CPU.Build.0 = Debug|Any CPU
		{5C11826C-A100-4178-996C-E10F17D8482D}.Release|Any CPU.ActiveCfg = Release|Any CPU
		{5C11826C-A100-4178-996C-E10F17D8482D}.Release|Any CPU.Build.0 = Release|Any CPU
		{A0E03353-839D-45F6-9C83-8ED042384818}.Debug|Any CPU.ActiveCfg = Debug|Any CPU
		{A0E03353-839D-45F6-9C83-8ED042384818}.Debug|Any CPU.Build.0 = Debug|Any CPU
		{A0E03353-839D-45F6-9C83-8ED042384818}.Release|Any CPU.ActiveCfg = Release|Any CPU
		{A0E03353-839D-45F6-9C83-8ED042384818}.Release|Any CPU.Build.0 = Release|Any CPU
		{A76662B6-31D0-412E-A217-93B0ECDA8B4E}.Debug|Any CPU.ActiveCfg = Debug|Any CPU
		{A76662B6-31D0-412E-A217-93B0ECDA8B4E}.Debug|Any CPU.Build.0 = Debug|Any CPU
		{A76662B6-31D0-412E-A217-93B0ECDA8B4E}.Release|Any CPU.ActiveCfg = Release|Any CPU
		{A76662B6-31D0-412E-A217-93B0ECDA8B4E}.Release|Any CPU.Build.0 = Release|Any CPU
	EndGlobalSection
	GlobalSection(SolutionProperties) = preSolution
		HideSolutionNode = FALSE
	EndGlobalSection
EndGlobal
