
Microsoft Visual Studio Solution File, Format Version 12.00
# Visual Studio 2013
VisualStudioVersion = 12.0.40629.0
MinimumVisualStudioVersion = 10.0.40219.1
Project("{FAE04EC0-301F-11D3-BF4B-00C04F79EFBC}") = "GUIApplication", "GUIApplication\GUIApplication.csproj", "{1333BF80-1CA7-464C-8D57-C730857AABAB}"
	ProjectSection(ProjectDependencies) = postProject
		{FCD60780-AA7C-4195-B995-2987A1D8BCB8} = {FCD60780-AA7C-4195-B995-2987A1D8BCB8}
	EndProjectSection
EndProject
Project("{FAE04EC0-301F-11D3-BF4B-00C04F79EFBC}") = "ASPServer", "ASPServer\ASPServer.csproj", "{BF13DDC1-EC4F-4840-AF13-D13D62A35480}"
EndProject
Project("{FAE04EC0-301F-11D3-BF4B-00C04F79EFBC}") = "ModelLayer", "ModelLayer\ModelLayer.csproj", "{2023EF3D-287C-4624-A165-61FAC0613EDE}"
EndProject
Project("{FAE04EC0-301F-11D3-BF4B-00C04F79EFBC}") = "ControlLayer", "ControlLayer\ControlLayer.csproj", "{B56B62BE-3E17-471B-8F15-1BFA4CEEA84F}"
EndProject
Project("{FAE04EC0-301F-11D3-BF4B-00C04F79EFBC}") = "WcfServiceLibrary", "WcfServiceLibrary\WcfServiceLibrary.csproj", "{FCD60780-AA7C-4195-B995-2987A1D8BCB8}"
EndProject
Project("{FAE04EC0-301F-11D3-BF4B-00C04F79EFBC}") = "DBLayer", "DBLayer\DBLayer.csproj", "{A0E03353-839D-45F6-9C83-8ED042384818}"
EndProject
Global
	GlobalSection(SolutionConfigurationPlatforms) = preSolution
		Debug|Any CPU = Debug|Any CPU
		Release|Any CPU = Release|Any CPU
	EndGlobalSection
	GlobalSection(ProjectConfigurationPlatforms) = postSolution
		{1333BF80-1CA7-464C-8D57-C730857AABAB}.Debug|Any CPU.ActiveCfg = Debug|Any CPU
		{1333BF80-1CA7-464C-8D57-C730857AABAB}.Debug|Any CPU.Build.0 = Debug|Any CPU
		{1333BF80-1CA7-464C-8D57-C730857AABAB}.Release|Any CPU.ActiveCfg = Release|Any CPU
		{1333BF80-1CA7-464C-8D57-C730857AABAB}.Release|Any CPU.Build.0 = Release|Any CPU
		{BF13DDC1-EC4F-4840-AF13-D13D62A35480}.Debug|Any CPU.ActiveCfg = Debug|Any CPU
		{BF13DDC1-EC4F-4840-AF13-D13D62A35480}.Debug|Any CPU.Build.0 = Debug|Any CPU
		{BF13DDC1-EC4F-4840-AF13-D13D62A35480}.Release|Any CPU.ActiveCfg = Release|Any CPU
		{BF13DDC1-EC4F-4840-AF13-D13D62A35480}.Release|Any CPU.Build.0 = Release|Any CPU
		{2023EF3D-287C-4624-A165-61FAC0613EDE}.Debug|Any CPU.ActiveCfg = Debug|Any CPU
		{2023EF3D-287C-4624-A165-61FAC0613EDE}.Debug|Any CPU.Build.0 = Debug|Any CPU
		{2023EF3D-287C-4624-A165-61FAC0613EDE}.Release|Any CPU.ActiveCfg = Release|Any CPU
		{2023EF3D-287C-4624-A165-61FAC0613EDE}.Release|Any CPU.Build.0 = Release|Any CPU
		{B56B62BE-3E17-471B-8F15-1BFA4CEEA84F}.Debug|Any CPU.ActiveCfg = Debug|Any CPU
		{B56B62BE-3E17-471B-8F15-1BFA4CEEA84F}.Debug|Any CPU.Build.0 = Debug|Any CPU
		{B56B62BE-3E17-471B-8F15-1BFA4CEEA84F}.Release|Any CPU.ActiveCfg = Release|Any CPU
		{B56B62BE-3E17-471B-8F15-1BFA4CEEA84F}.Release|Any CPU.Build.0 = Release|Any CPU
		{FCD60780-AA7C-4195-B995-2987A1D8BCB8}.Debug|Any CPU.ActiveCfg = Debug|Any CPU
		{FCD60780-AA7C-4195-B995-2987A1D8BCB8}.Debug|Any CPU.Build.0 = Debug|Any CPU
		{FCD60780-AA7C-4195-B995-2987A1D8BCB8}.Release|Any CPU.ActiveCfg = Release|Any CPU
		{FCD60780-AA7C-4195-B995-2987A1D8BCB8}.Release|Any CPU.Build.0 = Release|Any CPU
		{A0E03353-839D-45F6-9C83-8ED042384818}.Debug|Any CPU.ActiveCfg = Debug|Any CPU
		{A0E03353-839D-45F6-9C83-8ED042384818}.Debug|Any CPU.Build.0 = Debug|Any CPU
		{A0E03353-839D-45F6-9C83-8ED042384818}.Release|Any CPU.ActiveCfg = Release|Any CPU
		{A0E03353-839D-45F6-9C83-8ED042384818}.Release|Any CPU.Build.0 = Release|Any CPU
	EndGlobalSection
	GlobalSection(SolutionProperties) = preSolution
		HideSolutionNode = FALSE
	EndGlobalSection
EndGlobal
